
Microsoft Visual Studio Solution File, Format Version 12.00
# Visual Studio Version 17
VisualStudioVersion = 17.8.35707.121
MinimumVisualStudioVersion = 10.0.40219.1
Project("{FAE04EC0-301F-11D3-BF4B-00C04F79EFBC}") = "AshishGeneralStore", "AshishGeneralStore.csproj", "{51559C26-0A8E-4DE7-9558-D7D6B5B9CAC5}"
EndProject
Global
	GlobalSection(SolutionConfigurationPlatforms) = preSolution
		Debug|Any CPU = Debug|Any CPU
		Release|Any CPU = Release|Any CPU
	EndGlobalSection
	GlobalSection(ProjectConfigurationPlatforms) = postSolution
		{51559C26-0A8E-4DE7-9558-D7D6B5B9CAC5}.Debug|Any CPU.ActiveCfg = Debug|Any CPU
		{51559C26-0A8E-4DE7-9558-D7D6B5B9CAC5}.Debug|Any CPU.Build.0 = Debug|Any CPU
		{51559C26-0A8E-4DE7-9558-D7D6B5B9CAC5}.Release|Any CPU.ActiveCfg = Release|Any CPU
		{51559C26-0A8E-4DE7-9558-D7D6B5B9CAC5}.Release|Any CPU.Build.0 = Release|Any CPU
	EndGlobalSection
	GlobalSection(SolutionProperties) = preSolution
		HideSolutionNode = FALSE
	EndGlobalSection
	GlobalSection(ExtensibilityGlobals) = postSolution
		SolutionGuid = {C7D26F8B-D3B3-4D2E-8F47-EB430D3D7030}
	EndGlobalSection
EndGlobal
